
Microsoft Visual Studio Solution File, Format Version 12.00
# Visual Studio Version 16
VisualStudioVersion = 16.0.33927.289
MinimumVisualStudioVersion = 10.0.40219.1
Project("{2150E333-8FDC-42A3-9474-1A3956D46DE8}") = "Task0", "Task0", "{0676875D-18B8-4C42-9280-2157D7F97715}"
EndProject
Project("{FAE04EC0-301F-11D3-BF4B-00C04F79EFBC}") = "Tyuiu.ButakovIK.Sprint3.Task0.V13", "Tyuiu.ButakovIK.Sprint3.Task0.V13\Tyuiu.ButakovIK.Sprint3.Task0.V13.csproj", "{B2C055E1-0187-4577-8C73-78BFFE09B724}"
EndProject
Project("{FAE04EC0-301F-11D3-BF4B-00C04F79EFBC}") = "Tyuiu.ButakovIK.Sprint3.Task0.V13.Lib", "Tyuiu.ButakovIK.Sprint3.Task0.V13.Lib\Tyuiu.ButakovIK.Sprint3.Task0.V13.Lib.csproj", "{488B24A5-CA6E-4E1B-8DEE-0ADF1912C903}"
EndProject
Project("{FAE04EC0-301F-11D3-BF4B-00C04F79EFBC}") = "Tyuiu.ButakovIK.Sprint3.Task0.V13.Test", "Tyuiu.ButakovIK.Sprint3.Task0.V13.Test\Tyuiu.ButakovIK.Sprint3.Task0.V13.Test.csproj", "{B1555B67-E6F3-4B71-B5A5-E1A3F3612D72}"
EndProject
Project("{2150E333-8FDC-42A3-9474-1A3956D46DE8}") = "Task1", "Task1", "{54C2C616-789A-4F0F-8358-D931FDF61AB3}"
EndProject
Project("{FAE04EC0-301F-11D3-BF4B-00C04F79EFBC}") = "Tyuiu.ButakovIK.Sprint3.Task1.V28", "Tyuiu.ButakovIK.Sprint3.Task1.V28\Tyuiu.ButakovIK.Sprint3.Task1.V28.csproj", "{ACFC9FAB-7F39-4E8D-809D-858D92460050}"
EndProject
Project("{FAE04EC0-301F-11D3-BF4B-00C04F79EFBC}") = "Tyuiu.ButakovIK.Sprint3.Task1.V28.Test", "Tyuiu.ButakovIK.Sprint3.Task1.V28.Test\Tyuiu.ButakovIK.Sprint3.Task1.V28.Test.csproj", "{34E4E0DF-FD22-43B2-82EC-6B4C530C5B7F}"
EndProject
Project("{FAE04EC0-301F-11D3-BF4B-00C04F79EFBC}") = "Tyuiu.ButakovIK.Sprint3.Task1.V28.Lib", "Tyuiu.ButakovIK.Sprint3.Task1.V28.Lib\Tyuiu.ButakovIK.Sprint3.Task1.V28.Lib.csproj", "{5AC6B46F-7997-4934-B089-C71ACA189554}"
EndProject
Project("{2150E333-8FDC-42A3-9474-1A3956D46DE8}") = "Task2", "Task2", "{1AA757A3-AC60-488D-A993-9F8DA75E66A6}"
EndProject
Project("{FAE04EC0-301F-11D3-BF4B-00C04F79EFBC}") = "Tyuiu.ButakovIK.Sprint3.Task2.V7", "Tyuiu.ButakovIK.Sprint3.Task2.V7\Tyuiu.ButakovIK.Sprint3.Task2.V7.csproj", "{00E77026-7125-482A-A48F-33E520AEBDBD}"
EndProject
Project("{FAE04EC0-301F-11D3-BF4B-00C04F79EFBC}") = "Tyuiu.ButakovIK.Sprint3.Task2.V7.Lib", "Tyuiu.ButakovIK.Sprint3.Task2.V7.Lib\Tyuiu.ButakovIK.Sprint3.Task2.V7.Lib.csproj", "{5D2BF928-D3D4-4625-80B1-6EF51E957CC3}"
EndProject
Project("{FAE04EC0-301F-11D3-BF4B-00C04F79EFBC}") = "Tyuiu.ButakovIK.Sprint3.Task2.V7.Test", "Tyuiu.ButakovIK.Sprint3.Task2.V7.Test\Tyuiu.ButakovIK.Sprint3.Task2.V7.Test.csproj", "{1CD15B5B-7C7E-4176-B492-F8F6F11766FA}"
EndProject
Project("{2150E333-8FDC-42A3-9474-1A3956D46DE8}") = "Task3", "Task3", "{3830B8F9-FCCA-4CAE-8D90-9FF47D8CB58C}"
EndProject
Project("{FAE04EC0-301F-11D3-BF4B-00C04F79EFBC}") = "Tyuiu.ButakovIK.Sprint3.Task3.V29", "Tyuiu.ButakovIK.Sprint3.Task3.V29\Tyuiu.ButakovIK.Sprint3.Task3.V29.csproj", "{654213C0-AC87-4082-A634-20DC48BBDDE3}"
EndProject
Project("{FAE04EC0-301F-11D3-BF4B-00C04F79EFBC}") = "Tyuiu.ButakovIK.Sprint3.Task3.V29.Test", "Tyuiu.ButakovIK.Sprint3.Task3.V29.Test\Tyuiu.ButakovIK.Sprint3.Task3.V29.Test.csproj", "{7C70652F-7F65-4318-A7C4-EDF2DD83BD8C}"
EndProject
Project("{FAE04EC0-301F-11D3-BF4B-00C04F79EFBC}") = "Tyuiu.ButakovIK.Sprint3.Task3.V29.Lib", "Tyuiu.ButakovIK.Sprint3.Task3.V29.Lib\Tyuiu.ButakovIK.Sprint3.Task3.V29.Lib.csproj", "{0A2754C1-E169-45D0-8960-92028DFC79C6}"
EndProject
Project("{2150E333-8FDC-42A3-9474-1A3956D46DE8}") = "Task4", "Task4", "{01471098-1454-4CC6-AF24-5CFB88786170}"
EndProject
Project("{FAE04EC0-301F-11D3-BF4B-00C04F79EFBC}") = "Tyuiu.ButakovIK.Sprint3.Task4.V28", "Tyuiu.ButakovIK.Sprint3.Task4.V28\Tyuiu.ButakovIK.Sprint3.Task4.V28.csproj", "{84CFFFEB-2700-4DAD-86E5-0D948D2A9C50}"
EndProject
Project("{FAE04EC0-301F-11D3-BF4B-00C04F79EFBC}") = "Tyuiu.ButakovIK.Sprint3.Task4.V28.Lib", "Tyuiu.ButakovIK.Sprint3.Task4.V28.Lib\Tyuiu.ButakovIK.Sprint3.Task4.V28.Lib.csproj", "{0D74B2E9-57B8-48D4-BA64-BACE2731F2C5}"
EndProject
Project("{FAE04EC0-301F-11D3-BF4B-00C04F79EFBC}") = "Tyuiu.ButakovIK.Sprint3.Task4.V28.Test", "Tyuiu.ButakovIK.Sprint3.Task4.V28.Test\Tyuiu.ButakovIK.Sprint3.Task4.V28.Test.csproj", "{D38C0343-9B40-4CC3-A3F7-DDBF39FD9832}"
EndProject
Project("{2150E333-8FDC-42A3-9474-1A3956D46DE8}") = "Task5", "Task5", "{83F3BD4D-842A-4262-AA89-3F3B4838C978}"
EndProject
Project("{FAE04EC0-301F-11D3-BF4B-00C04F79EFBC}") = "Tyuiu.ButakovIK.Sprint3.Task5.V18", "Tyuiu.ButakovIK.Sprint3.Task5.V18\Tyuiu.ButakovIK.Sprint3.Task5.V18.csproj", "{DFD1F313-0B94-4A50-8210-463789498FE7}"
EndProject
Project("{FAE04EC0-301F-11D3-BF4B-00C04F79EFBC}") = "Tyuiu.ButakovIK.Sprint3.Task5.V18.Test", "Tyuiu.ButakovIK.Sprint3.Task5.V18.Test\Tyuiu.ButakovIK.Sprint3.Task5.V18.Test.csproj", "{99971F38-C8DA-412E-8BD5-B77627E94745}"
EndProject
Project("{FAE04EC0-301F-11D3-BF4B-00C04F79EFBC}") = "Tyuiu.ButakovIK.Sprint3.Task5.V18.Lib", "Tyuiu.ButakovIK.Sprint3.Task5.V18.Lib\Tyuiu.ButakovIK.Sprint3.Task5.V18.Lib.csproj", "{65D13746-30F4-4998-BB7C-F0F3C277FAF1}"
EndProject
Project("{2150E333-8FDC-42A3-9474-1A3956D46DE8}") = "Task6", "Task6", "{D960C172-32DB-4C00-9DEC-7772301D83A4}"
EndProject
Project("{FAE04EC0-301F-11D3-BF4B-00C04F79EFBC}") = "Tyuiu.ButakovIK.Sprint3.Task6.V4", "Tyuiu.ButakovIK.Sprint3.Task6.V4\Tyuiu.ButakovIK.Sprint3.Task6.V4.csproj", "{2144C77A-A046-43CE-8007-2EC957B6613D}"
EndProject
Project("{FAE04EC0-301F-11D3-BF4B-00C04F79EFBC}") = "Tyuiu.ButakovIK.Sprint3.Task6.V4.Lib", "Tyuiu.ButakovIK.Sprint3.Task6.V4.Lib\Tyuiu.ButakovIK.Sprint3.Task6.V4.Lib.csproj", "{D15486B9-CE53-4E36-846E-9201DC6E45CC}"
EndProject
Project("{FAE04EC0-301F-11D3-BF4B-00C04F79EFBC}") = "Tyuiu.ButakovIK.Sprint3.Task6.V4.Test", "Tyuiu.ButakovIK.Sprint3.Task6.V4.Test\Tyuiu.ButakovIK.Sprint3.Task6.V4.Test.csproj", "{B9DEF5DF-6724-4AE2-B50D-29BE8215F808}"
EndProject
Project("{2150E333-8FDC-42A3-9474-1A3956D46DE8}") = "Task7", "Task7", "{3A1C66D7-A102-4D16-891F-C63BAC4CC7A0}"
EndProject
Project("{FAE04EC0-301F-11D3-BF4B-00C04F79EFBC}") = "Tyuiu.ButakovIK.Sprint3.Task7.V5", "Tyuiu.ButakovIK.Sprint3.Task7.V5\Tyuiu.ButakovIK.Sprint3.Task7.V5.csproj", "{CA7C6611-9A52-4865-A3C0-37BD42B12CBC}"
EndProject
Project("{FAE04EC0-301F-11D3-BF4B-00C04F79EFBC}") = "Tyuiu.ButakovIK.Sprint3.Task7.V5.Test", "Tyuiu.ButakovIK.Sprint3.Task7.V5.Test\Tyuiu.ButakovIK.Sprint3.Task7.V5.Test.csproj", "{B7D000D2-DFE7-4592-8019-0DE4E863D56C}"
EndProject
Project("{FAE04EC0-301F-11D3-BF4B-00C04F79EFBC}") = "Tyuiu.ButakovIK.Sprint3.Task7.V5.Lib", "Tyuiu.ButakovIK.Sprint3.Task7.V5.Lib\Tyuiu.ButakovIK.Sprint3.Task7.V5.Lib.csproj", "{78225E55-7A8B-46E8-85BE-C34DC855D3C9}"
EndProject
Global
	GlobalSection(SolutionConfigurationPlatforms) = preSolution
		Debug|Any CPU = Debug|Any CPU
		Release|Any CPU = Release|Any CPU
	EndGlobalSection
	GlobalSection(ProjectConfigurationPlatforms) = postSolution
		{B2C055E1-0187-4577-8C73-78BFFE09B724}.Debug|Any CPU.ActiveCfg = Debug|Any CPU
		{B2C055E1-0187-4577-8C73-78BFFE09B724}.Debug|Any CPU.Build.0 = Debug|Any CPU
		{B2C055E1-0187-4577-8C73-78BFFE09B724}.Release|Any CPU.ActiveCfg = Release|Any CPU
		{B2C055E1-0187-4577-8C73-78BFFE09B724}.Release|Any CPU.Build.0 = Release|Any CPU
		{488B24A5-CA6E-4E1B-8DEE-0ADF1912C903}.Debug|Any CPU.ActiveCfg = Debug|Any CPU
		{488B24A5-CA6E-4E1B-8DEE-0ADF1912C903}.Debug|Any CPU.Build.0 = Debug|Any CPU
		{488B24A5-CA6E-4E1B-8DEE-0ADF1912C903}.Release|Any CPU.ActiveCfg = Release|Any CPU
		{488B24A5-CA6E-4E1B-8DEE-0ADF1912C903}.Release|Any CPU.Build.0 = Release|Any CPU
		{B1555B67-E6F3-4B71-B5A5-E1A3F3612D72}.Debug|Any CPU.ActiveCfg = Debug|Any CPU
		{B1555B67-E6F3-4B71-B5A5-E1A3F3612D72}.Debug|Any CPU.Build.0 = Debug|Any CPU
		{B1555B67-E6F3-4B71-B5A5-E1A3F3612D72}.Release|Any CPU.ActiveCfg = Release|Any CPU
		{B1555B67-E6F3-4B71-B5A5-E1A3F3612D72}.Release|Any CPU.Build.0 = Release|Any CPU
		{ACFC9FAB-7F39-4E8D-809D-858D92460050}.Debug|Any CPU.ActiveCfg = Debug|Any CPU
		{ACFC9FAB-7F39-4E8D-809D-858D92460050}.Debug|Any CPU.Build.0 = Debug|Any CPU
		{ACFC9FAB-7F39-4E8D-809D-858D92460050}.Release|Any CPU.ActiveCfg = Release|Any CPU
		{ACFC9FAB-7F39-4E8D-809D-858D92460050}.Release|Any CPU.Build.0 = Release|Any CPU
		{34E4E0DF-FD22-43B2-82EC-6B4C530C5B7F}.Debug|Any CPU.ActiveCfg = Debug|Any CPU
		{34E4E0DF-FD22-43B2-82EC-6B4C530C5B7F}.Debug|Any CPU.Build.0 = Debug|Any CPU
		{34E4E0DF-FD22-43B2-82EC-6B4C530C5B7F}.Release|Any CPU.ActiveCfg = Release|Any CPU
		{34E4E0DF-FD22-43B2-82EC-6B4C530C5B7F}.Release|Any CPU.Build.0 = Release|Any CPU
		{5AC6B46F-7997-4934-B089-C71ACA189554}.Debug|Any CPU.ActiveCfg = Debug|Any CPU
		{5AC6B46F-7997-4934-B089-C71ACA189554}.Debug|Any CPU.Build.0 = Debug|Any CPU
		{5AC6B46F-7997-4934-B089-C71ACA189554}.Release|Any CPU.ActiveCfg = Release|Any CPU
		{5AC6B46F-7997-4934-B089-C71ACA189554}.Release|Any CPU.Build.0 = Release|Any CPU
		{00E77026-7125-482A-A48F-33E520AEBDBD}.Debug|Any CPU.ActiveCfg = Debug|Any CPU
		{00E77026-7125-482A-A48F-33E520AEBDBD}.Debug|Any CPU.Build.0 = Debug|Any CPU
		{00E77026-7125-482A-A48F-33E520AEBDBD}.Release|Any CPU.ActiveCfg = Release|Any CPU
		{00E77026-7125-482A-A48F-33E520AEBDBD}.Release|Any CPU.Build.0 = Release|Any CPU
		{5D2BF928-D3D4-4625-80B1-6EF51E957CC3}.Debug|Any CPU.ActiveCfg = Debug|Any CPU
		{5D2BF928-D3D4-4625-80B1-6EF51E957CC3}.Debug|Any CPU.Build.0 = Debug|Any CPU
		{5D2BF928-D3D4-4625-80B1-6EF51E957CC3}.Release|Any CPU.ActiveCfg = Release|Any CPU
		{5D2BF928-D3D4-4625-80B1-6EF51E957CC3}.Release|Any CPU.Build.0 = Release|Any CPU
		{1CD15B5B-7C7E-4176-B492-F8F6F11766FA}.Debug|Any CPU.ActiveCfg = Debug|Any CPU
		{1CD15B5B-7C7E-4176-B492-F8F6F11766FA}.Debug|Any CPU.Build.0 = Debug|Any CPU
		{1CD15B5B-7C7E-4176-B492-F8F6F11766FA}.Release|Any CPU.ActiveCfg = Release|Any CPU
		{1CD15B5B-7C7E-4176-B492-F8F6F11766FA}.Release|Any CPU.Build.0 = Release|Any CPU
		{654213C0-AC87-4082-A634-20DC48BBDDE3}.Debug|Any CPU.ActiveCfg = Debug|Any CPU
		{654213C0-AC87-4082-A634-20DC48BBDDE3}.Debug|Any CPU.Build.0 = Debug|Any CPU
		{654213C0-AC87-4082-A634-20DC48BBDDE3}.Release|Any CPU.ActiveCfg = Release|Any CPU
		{654213C0-AC87-4082-A634-20DC48BBDDE3}.Release|Any CPU.Build.0 = Release|Any CPU
		{7C70652F-7F65-4318-A7C4-EDF2DD83BD8C}.Debug|Any CPU.ActiveCfg = Debug|Any CPU
		{7C70652F-7F65-4318-A7C4-EDF2DD83BD8C}.Debug|Any CPU.Build.0 = Debug|Any CPU
		{7C70652F-7F65-4318-A7C4-EDF2DD83BD8C}.Release|Any CPU.ActiveCfg = Release|Any CPU
		{7C70652F-7F65-4318-A7C4-EDF2DD83BD8C}.Release|Any CPU.Build.0 = Release|Any CPU
		{0A2754C1-E169-45D0-8960-92028DFC79C6}.Debug|Any CPU.ActiveCfg = Debug|Any CPU
		{0A2754C1-E169-45D0-8960-92028DFC79C6}.Debug|Any CPU.Build.0 = Debug|Any CPU
		{0A2754C1-E169-45D0-8960-92028DFC79C6}.Release|Any CPU.ActiveCfg = Release|Any CPU
		{0A2754C1-E169-45D0-8960-92028DFC79C6}.Release|Any CPU.Build.0 = Release|Any CPU
		{84CFFFEB-2700-4DAD-86E5-0D948D2A9C50}.Debug|Any CPU.ActiveCfg = Debug|Any CPU
		{84CFFFEB-2700-4DAD-86E5-0D948D2A9C50}.Debug|Any CPU.Build.0 = Debug|Any CPU
		{84CFFFEB-2700-4DAD-86E5-0D948D2A9C50}.Release|Any CPU.ActiveCfg = Release|Any CPU
		{84CFFFEB-2700-4DAD-86E5-0D948D2A9C50}.Release|Any CPU.Build.0 = Release|Any CPU
		{0D74B2E9-57B8-48D4-BA64-BACE2731F2C5}.Debug|Any CPU.ActiveCfg = Debug|Any CPU
		{0D74B2E9-57B8-48D4-BA64-BACE2731F2C5}.Debug|Any CPU.Build.0 = Debug|Any CPU
		{0D74B2E9-57B8-48D4-BA64-BACE2731F2C5}.Release|Any CPU.ActiveCfg = Release|Any CPU
		{0D74B2E9-57B8-48D4-BA64-BACE2731F2C5}.Release|Any CPU.Build.0 = Release|Any CPU
		{D38C0343-9B40-4CC3-A3F7-DDBF39FD9832}.Debug|Any CPU.ActiveCfg = Debug|Any CPU
		{D38C0343-9B40-4CC3-A3F7-DDBF39FD9832}.Debug|Any CPU.Build.0 = Debug|Any CPU
		{D38C0343-9B40-4CC3-A3F7-DDBF39FD9832}.Release|Any CPU.ActiveCfg = Release|Any CPU
		{D38C0343-9B40-4CC3-A3F7-DDBF39FD9832}.Release|Any CPU.Build.0 = Release|Any CPU
		{DFD1F313-0B94-4A50-8210-463789498FE7}.Debug|Any CPU.ActiveCfg = Debug|Any CPU
		{DFD1F313-0B94-4A50-8210-463789498FE7}.Debug|Any CPU.Build.0 = Debug|Any CPU
		{DFD1F313-0B94-4A50-8210-463789498FE7}.Release|Any CPU.ActiveCfg = Release|Any CPU
		{DFD1F313-0B94-4A50-8210-463789498FE7}.Release|Any CPU.Build.0 = Release|Any CPU
		{99971F38-C8DA-412E-8BD5-B77627E94745}.Debug|Any CPU.ActiveCfg = Debug|Any CPU
		{99971F38-C8DA-412E-8BD5-B77627E94745}.Debug|Any CPU.Build.0 = Debug|Any CPU
		{99971F38-C8DA-412E-8BD5-B77627E94745}.Release|Any CPU.ActiveCfg = Release|Any CPU
		{99971F38-C8DA-412E-8BD5-B77627E94745}.Release|Any CPU.Build.0 = Release|Any CPU
		{65D13746-30F4-4998-BB7C-F0F3C277FAF1}.Debug|Any CPU.ActiveCfg = Debug|Any CPU
		{65D13746-30F4-4998-BB7C-F0F3C277FAF1}.Debug|Any CPU.Build.0 = Debug|Any CPU
		{65D13746-30F4-4998-BB7C-F0F3C277FAF1}.Release|Any CPU.ActiveCfg = Release|Any CPU
		{65D13746-30F4-4998-BB7C-F0F3C277FAF1}.Release|Any CPU.Build.0 = Release|Any CPU
		{2144C77A-A046-43CE-8007-2EC957B6613D}.Debug|Any CPU.ActiveCfg = Debug|Any CPU
		{2144C77A-A046-43CE-8007-2EC957B6613D}.Debug|Any CPU.Build.0 = Debug|Any CPU
		{2144C77A-A046-43CE-8007-2EC957B6613D}.Release|Any CPU.ActiveCfg = Release|Any CPU
		{2144C77A-A046-43CE-8007-2EC957B6613D}.Release|Any CPU.Build.0 = Release|Any CPU
		{D15486B9-CE53-4E36-846E-9201DC6E45CC}.Debug|Any CPU.ActiveCfg = Debug|Any CPU
		{D15486B9-CE53-4E36-846E-9201DC6E45CC}.Debug|Any CPU.Build.0 = Debug|Any CPU
		{D15486B9-CE53-4E36-846E-9201DC6E45CC}.Release|Any CPU.ActiveCfg = Release|Any CPU
		{D15486B9-CE53-4E36-846E-9201DC6E45CC}.Release|Any CPU.Build.0 = Release|Any CPU
		{B9DEF5DF-6724-4AE2-B50D-29BE8215F808}.Debug|Any CPU.ActiveCfg = Debug|Any CPU
		{B9DEF5DF-6724-4AE2-B50D-29BE8215F808}.Debug|Any CPU.Build.0 = Debug|Any CPU
		{B9DEF5DF-6724-4AE2-B50D-29BE8215F808}.Release|Any CPU.ActiveCfg = Release|Any CPU
		{B9DEF5DF-6724-4AE2-B50D-29BE8215F808}.Release|Any CPU.Build.0 = Release|Any CPU
		{CA7C6611-9A52-4865-A3C0-37BD42B12CBC}.Debug|Any CPU.ActiveCfg = Debug|Any CPU
		{CA7C6611-9A52-4865-A3C0-37BD42B12CBC}.Debug|Any CPU.Build.0 = Debug|Any CPU
		{CA7C6611-9A52-4865-A3C0-37BD42B12CBC}.Release|Any CPU.ActiveCfg = Release|Any CPU
		{CA7C6611-9A52-4865-A3C0-37BD42B12CBC}.Release|Any CPU.Build.0 = Release|Any CPU
		{B7D000D2-DFE7-4592-8019-0DE4E863D56C}.Debug|Any CPU.ActiveCfg = Debug|Any CPU
		{B7D000D2-DFE7-4592-8019-0DE4E863D56C}.Debug|Any CPU.Build.0 = Debug|Any CPU
		{B7D000D2-DFE7-4592-8019-0DE4E863D56C}.Release|Any CPU.ActiveCfg = Release|Any CPU
		{B7D000D2-DFE7-4592-8019-0DE4E863D56C}.Release|Any CPU.Build.0 = Release|Any CPU
		{78225E55-7A8B-46E8-85BE-C34DC855D3C9}.Debug|Any CPU.ActiveCfg = Debug|Any CPU
		{78225E55-7A8B-46E8-85BE-C34DC855D3C9}.Debug|Any CPU.Build.0 = Debug|Any CPU
		{78225E55-7A8B-46E8-85BE-C34DC855D3C9}.Release|Any CPU.ActiveCfg = Release|Any CPU
		{78225E55-7A8B-46E8-85BE-C34DC855D3C9}.Release|Any CPU.Build.0 = Release|Any CPU
	EndGlobalSection
	GlobalSection(SolutionProperties) = preSolution
		HideSolutionNode = FALSE
	EndGlobalSection
	GlobalSection(NestedProjects) = preSolution
		{B2C055E1-0187-4577-8C73-78BFFE09B724} = {0676875D-18B8-4C42-9280-2157D7F97715}
		{488B24A5-CA6E-4E1B-8DEE-0ADF1912C903} = {0676875D-18B8-4C42-9280-2157D7F97715}
		{B1555B67-E6F3-4B71-B5A5-E1A3F3612D72} = {0676875D-18B8-4C42-9280-2157D7F97715}
		{ACFC9FAB-7F39-4E8D-809D-858D92460050} = {54C2C616-789A-4F0F-8358-D931FDF61AB3}
		{34E4E0DF-FD22-43B2-82EC-6B4C530C5B7F} = {54C2C616-789A-4F0F-8358-D931FDF61AB3}
		{5AC6B46F-7997-4934-B089-C71ACA189554} = {54C2C616-789A-4F0F-8358-D931FDF61AB3}
		{00E77026-7125-482A-A48F-33E520AEBDBD} = {1AA757A3-AC60-488D-A993-9F8DA75E66A6}
		{5D2BF928-D3D4-4625-80B1-6EF51E957CC3} = {1AA757A3-AC60-488D-A993-9F8DA75E66A6}
		{1CD15B5B-7C7E-4176-B492-F8F6F11766FA} = {1AA757A3-AC60-488D-A993-9F8DA75E66A6}
		{654213C0-AC87-4082-A634-20DC48BBDDE3} = {3830B8F9-FCCA-4CAE-8D90-9FF47D8CB58C}
		{7C70652F-7F65-4318-A7C4-EDF2DD83BD8C} = {3830B8F9-FCCA-4CAE-8D90-9FF47D8CB58C}
		{0A2754C1-E169-45D0-8960-92028DFC79C6} = {3830B8F9-FCCA-4CAE-8D90-9FF47D8CB58C}
		{84CFFFEB-2700-4DAD-86E5-0D948D2A9C50} = {01471098-1454-4CC6-AF24-5CFB88786170}
		{0D74B2E9-57B8-48D4-BA64-BACE2731F2C5} = {01471098-1454-4CC6-AF24-5CFB88786170}
		{D38C0343-9B40-4CC3-A3F7-DDBF39FD9832} = {01471098-1454-4CC6-AF24-5CFB88786170}
		{DFD1F313-0B94-4A50-8210-463789498FE7} = {83F3BD4D-842A-4262-AA89-3F3B4838C978}
		{99971F38-C8DA-412E-8BD5-B77627E94745} = {83F3BD4D-842A-4262-AA89-3F3B4838C978}
		{65D13746-30F4-4998-BB7C-F0F3C277FAF1} = {83F3BD4D-842A-4262-AA89-3F3B4838C978}
		{2144C77A-A046-43CE-8007-2EC957B6613D} = {D960C172-32DB-4C00-9DEC-7772301D83A4}
		{D15486B9-CE53-4E36-846E-9201DC6E45CC} = {D960C172-32DB-4C00-9DEC-7772301D83A4}
		{B9DEF5DF-6724-4AE2-B50D-29BE8215F808} = {D960C172-32DB-4C00-9DEC-7772301D83A4}
		{CA7C6611-9A52-4865-A3C0-37BD42B12CBC} = {3A1C66D7-A102-4D16-891F-C63BAC4CC7A0}
		{B7D000D2-DFE7-4592-8019-0DE4E863D56C} = {3A1C66D7-A102-4D16-891F-C63BAC4CC7A0}
		{78225E55-7A8B-46E8-85BE-C34DC855D3C9} = {3A1C66D7-A102-4D16-891F-C63BAC4CC7A0}
	EndGlobalSection
	GlobalSection(ExtensibilityGlobals) = postSolution
		SolutionGuid = {4774001B-53D1-403C-AD57-210DF6B18B86}
	EndGlobalSection
EndGlobal
